
Microsoft Visual Studio Solution File, Format Version 12.00
# Visual Studio Version 16
VisualStudioVersion = 16.0.30611.23
MinimumVisualStudioVersion = 10.0.40219.1
Project("{9A19103F-16F7-4668-BE54-9A1E7A4F7556}") = "Skyrmium.Infrastructure.Contracts", "Skyrmium.Infrastructure.Contracts\Skyrmium.Infrastructure.Contracts.csproj", "{A8BA2827-984C-4AB7-BAA1-4DF545C70F0E}"
EndProject
Project("{9A19103F-16F7-4668-BE54-9A1E7A4F7556}") = "Skyrmium.Dal.Contracts", "Skyrmium.Dal.Contracts\Skyrmium.Dal.Contracts.csproj", "{61CF0C12-72D0-42E8-89D0-91F284C93B11}"
EndProject
Project("{9A19103F-16F7-4668-BE54-9A1E7A4F7556}") = "Skyrmium.Domain.Entities.Contracts", "Skyrmium.Domain.Entities.Contracts\Skyrmium.Domain.Entities.Contracts.csproj", "{FBB6C5E6-7575-4272-A3C4-6693B7965458}"
EndProject
Project("{9A19103F-16F7-4668-BE54-9A1E7A4F7556}") = "Skyrmium.Domain.Entities.Core", "Skyrmium.Domain.Entities.Core\Skyrmium.Domain.Entities.Core.csproj", "{82806398-A695-49AE-AB89-AF276444CA29}"
EndProject
Global
	GlobalSection(SolutionConfigurationPlatforms) = preSolution
		Debug|Any CPU = Debug|Any CPU
		Release|Any CPU = Release|Any CPU
	EndGlobalSection
	GlobalSection(ProjectConfigurationPlatforms) = postSolution
		{A8BA2827-984C-4AB7-BAA1-4DF545C70F0E}.Debug|Any CPU.ActiveCfg = Debug|Any CPU
		{A8BA2827-984C-4AB7-BAA1-4DF545C70F0E}.Debug|Any CPU.Build.0 = Debug|Any CPU
		{A8BA2827-984C-4AB7-BAA1-4DF545C70F0E}.Release|Any CPU.ActiveCfg = Release|Any CPU
		{A8BA2827-984C-4AB7-BAA1-4DF545C70F0E}.Release|Any CPU.Build.0 = Release|Any CPU
		{61CF0C12-72D0-42E8-89D0-91F284C93B11}.Debug|Any CPU.ActiveCfg = Debug|Any CPU
		{61CF0C12-72D0-42E8-89D0-91F284C93B11}.Debug|Any CPU.Build.0 = Debug|Any CPU
		{61CF0C12-72D0-42E8-89D0-91F284C93B11}.Release|Any CPU.ActiveCfg = Release|Any CPU
		{61CF0C12-72D0-42E8-89D0-91F284C93B11}.Release|Any CPU.Build.0 = Release|Any CPU
		{FBB6C5E6-7575-4272-A3C4-6693B7965458}.Debug|Any CPU.ActiveCfg = Debug|Any CPU
		{FBB6C5E6-7575-4272-A3C4-6693B7965458}.Debug|Any CPU.Build.0 = Debug|Any CPU
		{FBB6C5E6-7575-4272-A3C4-6693B7965458}.Release|Any CPU.ActiveCfg = Release|Any CPU
		{FBB6C5E6-7575-4272-A3C4-6693B7965458}.Release|Any CPU.Build.0 = Release|Any CPU
		{82806398-A695-49AE-AB89-AF276444CA29}.Debug|Any CPU.ActiveCfg = Debug|Any CPU
		{82806398-A695-49AE-AB89-AF276444CA29}.Debug|Any CPU.Build.0 = Debug|Any CPU
		{82806398-A695-49AE-AB89-AF276444CA29}.Release|Any CPU.ActiveCfg = Release|Any CPU
		{82806398-A695-49AE-AB89-AF276444CA29}.Release|Any CPU.Build.0 = Release|Any CPU
	EndGlobalSection
	GlobalSection(SolutionProperties) = preSolution
		HideSolutionNode = FALSE
	EndGlobalSection
	GlobalSection(ExtensibilityGlobals) = postSolution
		SolutionGuid = {C8A46A66-2B72-4734-94EA-CA0B09A723A3}
	EndGlobalSection
EndGlobal
