
Microsoft Visual Studio Solution File, Format Version 12.00
# Visual Studio Version 16
VisualStudioVersion = 16.0.30621.155
MinimumVisualStudioVersion = 10.0.40219.1
Project("{2150E333-8FDC-42A3-9474-1A3956D46DE8}") = "Core", "Core", "{B3F1571B-7952-4768-BF0F-6BE779BF0490}"
EndProject
Project("{9A19103F-16F7-4668-BE54-9A1E7A4F7556}") = "Skyrmium.Dal.Contracts", "..\..\Core\Skyrmium.Dal.Contracts\Skyrmium.Dal.Contracts.csproj", "{55EAE0DE-8959-40F1-B5D8-F98819413066}"
EndProject
Project("{9A19103F-16F7-4668-BE54-9A1E7A4F7556}") = "Skyrmium.Infrastructure.Contracts", "..\..\Core\Skyrmium.Infrastructure.Contracts\Skyrmium.Infrastructure.Contracts.csproj", "{AB4853A2-0DA3-4BDE-9FC5-273EC299487C}"
EndProject
Project("{9A19103F-16F7-4668-BE54-9A1E7A4F7556}") = "Skyrmium.Equivalent.Measurement.Api", "Skyrmium.Equivalent.Measurement.Api\Skyrmium.Equivalent.Measurement.Api.csproj", "{440EFEB9-F483-44DA-B476-73330B6AA500}"
EndProject
Project("{9A19103F-16F7-4668-BE54-9A1E7A4F7556}") = "Skyrmium.Equivalent.Measurement.Domain.Entities", "Skyrmium.Equivalent.Measurement.Domain.Entities\Skyrmium.Equivalent.Measurement.Domain.Entities.csproj", "{2859A15B-E9FA-4F6B-9F9A-11DA53032CB5}"
EndProject
Project("{9A19103F-16F7-4668-BE54-9A1E7A4F7556}") = "Skyrmium.Equivalent.Measurement.Domain.Services.Contracts", "Skyrmium.Equivalent.Measurement.Domain.Services.Contracts\Skyrmium.Equivalent.Measurement.Domain.Services.Contracts.csproj", "{0B64EE0F-0F9F-473D-97B1-7262BACED541}"
EndProject
Project("{9A19103F-16F7-4668-BE54-9A1E7A4F7556}") = "Skyrmium.Equivalent.Measurement.Domain.Services.Implementations", "Skyrmium.Equivalent.Measurement.Domain.Services.Implementations\Skyrmium.Equivalent.Measurement.Domain.Services.Implementations.csproj", "{9DB7990D-70E7-4F39-8BDC-477EC03CBA35}"
EndProject
Project("{9A19103F-16F7-4668-BE54-9A1E7A4F7556}") = "Skyrmium.Dal.Implementations", "..\..\Core\Skyrmium.Dal.Implementations\Skyrmium.Dal.Implementations.csproj", "{9D05BBEB-B368-48D0-8575-41E22B02EF08}"
EndProject
Project("{9A19103F-16F7-4668-BE54-9A1E7A4F7556}") = "Skyrmium.Domain.Services.Contracts", "..\..\Core\Skyrmium.Domain.Services.Contracts\Skyrmium.Domain.Services.Contracts.csproj", "{82A3477C-72AC-454C-8683-47B83DD9238C}"
EndProject
Project("{9A19103F-16F7-4668-BE54-9A1E7A4F7556}") = "Skyrmium.Domain.Services.Implementations", "..\..\Core\Skyrmium.Domain.Services.Implementations\Skyrmium.Domain.Services.Implementations.csproj", "{34B17394-D6CA-474D-A1D2-72B6CAF52225}"
EndProject
Project("{9A19103F-16F7-4668-BE54-9A1E7A4F7556}") = "Skyrmium.Equivalent.Measurement.Dal", "Skyrmium.Equivalent.Measurement.Dal\Skyrmium.Equivalent.Measurement.Dal.csproj", "{49C9C3E0-33C2-480A-8ADA-89C3F8300DEC}"
EndProject
Project("{9A19103F-16F7-4668-BE54-9A1E7A4F7556}") = "Skyrmium.Domain.Implementations", "..\..\Core\Skyrmium.Domain.Implementations\Skyrmium.Domain.Implementations.csproj", "{BC8DFA40-E953-4674-9AAF-59C695FB6F5B}"
EndProject
Project("{9A19103F-16F7-4668-BE54-9A1E7A4F7556}") = "Skyrmium.Domain.Contracts", "..\..\Core\Skyrmium.Domain.Contracts\Skyrmium.Domain.Contracts.csproj", "{F854658E-3979-4B2B-AF38-16A4D25D001A}"
EndProject
Project("{9A19103F-16F7-4668-BE54-9A1E7A4F7556}") = "Skyrmium.Adapters.Contracts", "..\..\Core\Skyrmium.Adapters.Contracts\Skyrmium.Adapters.Contracts.csproj", "{700DD382-255E-4919-A21C-EE8E8F1D4BD3}"
EndProject
Project("{9A19103F-16F7-4668-BE54-9A1E7A4F7556}") = "Skyrmium.Equivalent.Measurement.Adapters", "Skyrmium.Equivalent.Measurement.Adapters\Skyrmium.Equivalent.Measurement.Adapters.csproj", "{F6E8479B-D416-46A3-B93E-FAE0598B2978}"
EndProject
Project("{9A19103F-16F7-4668-BE54-9A1E7A4F7556}") = "Skyrmium.Adapters.Implementations", "..\..\Core\Skyrmium.Adapters.Implementations\Skyrmium.Adapters.Implementations.csproj", "{A8DA805A-ABBE-4E06-93F7-181DD78F6654}"
EndProject
Project("{9A19103F-16F7-4668-BE54-9A1E7A4F7556}") = "Skyrmium.Api.Contracts", "..\..\Core\Skyrmium.Api.Contracts\Skyrmium.Api.Contracts.csproj", "{173A3AEA-4DFB-4CE8-8FE3-CF80E3745511}"
EndProject
Project("{9A19103F-16F7-4668-BE54-9A1E7A4F7556}") = "Skyrmium.Api.Implementations", "..\..\Core\Skyrmium.Api.Implementations\Skyrmium.Api.Implementations.csproj", "{E2A92B79-6398-4AD9-A655-DE48B96F86CD}"
EndProject
Project("{9A19103F-16F7-4668-BE54-9A1E7A4F7556}") = "Skyrmium.Ioc", "..\..\Core\Skyrmium.Ioc\Skyrmium.Ioc.csproj", "{4D18571C-8B42-4EAD-860B-03239E2F8414}"
EndProject
Global
	GlobalSection(SolutionConfigurationPlatforms) = preSolution
		Debug|Any CPU = Debug|Any CPU
		Release|Any CPU = Release|Any CPU
	EndGlobalSection
	GlobalSection(ProjectConfigurationPlatforms) = postSolution
		{55EAE0DE-8959-40F1-B5D8-F98819413066}.Debug|Any CPU.ActiveCfg = Debug|Any CPU
		{55EAE0DE-8959-40F1-B5D8-F98819413066}.Debug|Any CPU.Build.0 = Debug|Any CPU
		{55EAE0DE-8959-40F1-B5D8-F98819413066}.Release|Any CPU.ActiveCfg = Release|Any CPU
		{55EAE0DE-8959-40F1-B5D8-F98819413066}.Release|Any CPU.Build.0 = Release|Any CPU
		{AB4853A2-0DA3-4BDE-9FC5-273EC299487C}.Debug|Any CPU.ActiveCfg = Debug|Any CPU
		{AB4853A2-0DA3-4BDE-9FC5-273EC299487C}.Debug|Any CPU.Build.0 = Debug|Any CPU
		{AB4853A2-0DA3-4BDE-9FC5-273EC299487C}.Release|Any CPU.ActiveCfg = Release|Any CPU
		{AB4853A2-0DA3-4BDE-9FC5-273EC299487C}.Release|Any CPU.Build.0 = Release|Any CPU
		{440EFEB9-F483-44DA-B476-73330B6AA500}.Debug|Any CPU.ActiveCfg = Debug|Any CPU
		{440EFEB9-F483-44DA-B476-73330B6AA500}.Debug|Any CPU.Build.0 = Debug|Any CPU
		{440EFEB9-F483-44DA-B476-73330B6AA500}.Release|Any CPU.ActiveCfg = Release|Any CPU
		{440EFEB9-F483-44DA-B476-73330B6AA500}.Release|Any CPU.Build.0 = Release|Any CPU
		{2859A15B-E9FA-4F6B-9F9A-11DA53032CB5}.Debug|Any CPU.ActiveCfg = Debug|Any CPU
		{2859A15B-E9FA-4F6B-9F9A-11DA53032CB5}.Debug|Any CPU.Build.0 = Debug|Any CPU
		{2859A15B-E9FA-4F6B-9F9A-11DA53032CB5}.Release|Any CPU.ActiveCfg = Release|Any CPU
		{2859A15B-E9FA-4F6B-9F9A-11DA53032CB5}.Release|Any CPU.Build.0 = Release|Any CPU
		{0B64EE0F-0F9F-473D-97B1-7262BACED541}.Debug|Any CPU.ActiveCfg = Debug|Any CPU
		{0B64EE0F-0F9F-473D-97B1-7262BACED541}.Debug|Any CPU.Build.0 = Debug|Any CPU
		{0B64EE0F-0F9F-473D-97B1-7262BACED541}.Release|Any CPU.ActiveCfg = Release|Any CPU
		{0B64EE0F-0F9F-473D-97B1-7262BACED541}.Release|Any CPU.Build.0 = Release|Any CPU
		{9DB7990D-70E7-4F39-8BDC-477EC03CBA35}.Debug|Any CPU.ActiveCfg = Debug|Any CPU
		{9DB7990D-70E7-4F39-8BDC-477EC03CBA35}.Debug|Any CPU.Build.0 = Debug|Any CPU
		{9DB7990D-70E7-4F39-8BDC-477EC03CBA35}.Release|Any CPU.ActiveCfg = Release|Any CPU
		{9DB7990D-70E7-4F39-8BDC-477EC03CBA35}.Release|Any CPU.Build.0 = Release|Any CPU
		{9D05BBEB-B368-48D0-8575-41E22B02EF08}.Debug|Any CPU.ActiveCfg = Debug|Any CPU
		{9D05BBEB-B368-48D0-8575-41E22B02EF08}.Debug|Any CPU.Build.0 = Debug|Any CPU
		{9D05BBEB-B368-48D0-8575-41E22B02EF08}.Release|Any CPU.ActiveCfg = Release|Any CPU
		{9D05BBEB-B368-48D0-8575-41E22B02EF08}.Release|Any CPU.Build.0 = Release|Any CPU
		{82A3477C-72AC-454C-8683-47B83DD9238C}.Debug|Any CPU.ActiveCfg = Debug|Any CPU
		{82A3477C-72AC-454C-8683-47B83DD9238C}.Debug|Any CPU.Build.0 = Debug|Any CPU
		{82A3477C-72AC-454C-8683-47B83DD9238C}.Release|Any CPU.ActiveCfg = Release|Any CPU
		{82A3477C-72AC-454C-8683-47B83DD9238C}.Release|Any CPU.Build.0 = Release|Any CPU
		{34B17394-D6CA-474D-A1D2-72B6CAF52225}.Debug|Any CPU.ActiveCfg = Debug|Any CPU
		{34B17394-D6CA-474D-A1D2-72B6CAF52225}.Debug|Any CPU.Build.0 = Debug|Any CPU
		{34B17394-D6CA-474D-A1D2-72B6CAF52225}.Release|Any CPU.ActiveCfg = Release|Any CPU
		{34B17394-D6CA-474D-A1D2-72B6CAF52225}.Release|Any CPU.Build.0 = Release|Any CPU
		{49C9C3E0-33C2-480A-8ADA-89C3F8300DEC}.Debug|Any CPU.ActiveCfg = Debug|Any CPU
		{49C9C3E0-33C2-480A-8ADA-89C3F8300DEC}.Debug|Any CPU.Build.0 = Debug|Any CPU
		{49C9C3E0-33C2-480A-8ADA-89C3F8300DEC}.Release|Any CPU.ActiveCfg = Release|Any CPU
		{49C9C3E0-33C2-480A-8ADA-89C3F8300DEC}.Release|Any CPU.Build.0 = Release|Any CPU
		{BC8DFA40-E953-4674-9AAF-59C695FB6F5B}.Debug|Any CPU.ActiveCfg = Debug|Any CPU
		{BC8DFA40-E953-4674-9AAF-59C695FB6F5B}.Debug|Any CPU.Build.0 = Debug|Any CPU
		{BC8DFA40-E953-4674-9AAF-59C695FB6F5B}.Release|Any CPU.ActiveCfg = Release|Any CPU
		{BC8DFA40-E953-4674-9AAF-59C695FB6F5B}.Release|Any CPU.Build.0 = Release|Any CPU
		{F854658E-3979-4B2B-AF38-16A4D25D001A}.Debug|Any CPU.ActiveCfg = Debug|Any CPU
		{F854658E-3979-4B2B-AF38-16A4D25D001A}.Debug|Any CPU.Build.0 = Debug|Any CPU
		{F854658E-3979-4B2B-AF38-16A4D25D001A}.Release|Any CPU.ActiveCfg = Release|Any CPU
		{F854658E-3979-4B2B-AF38-16A4D25D001A}.Release|Any CPU.Build.0 = Release|Any CPU
		{700DD382-255E-4919-A21C-EE8E8F1D4BD3}.Debug|Any CPU.ActiveCfg = Debug|Any CPU
		{700DD382-255E-4919-A21C-EE8E8F1D4BD3}.Debug|Any CPU.Build.0 = Debug|Any CPU
		{700DD382-255E-4919-A21C-EE8E8F1D4BD3}.Release|Any CPU.ActiveCfg = Release|Any CPU
		{700DD382-255E-4919-A21C-EE8E8F1D4BD3}.Release|Any CPU.Build.0 = Release|Any CPU
		{F6E8479B-D416-46A3-B93E-FAE0598B2978}.Debug|Any CPU.ActiveCfg = Debug|Any CPU
		{F6E8479B-D416-46A3-B93E-FAE0598B2978}.Debug|Any CPU.Build.0 = Debug|Any CPU
		{F6E8479B-D416-46A3-B93E-FAE0598B2978}.Release|Any CPU.ActiveCfg = Release|Any CPU
		{F6E8479B-D416-46A3-B93E-FAE0598B2978}.Release|Any CPU.Build.0 = Release|Any CPU
		{A8DA805A-ABBE-4E06-93F7-181DD78F6654}.Debug|Any CPU.ActiveCfg = Debug|Any CPU
		{A8DA805A-ABBE-4E06-93F7-181DD78F6654}.Debug|Any CPU.Build.0 = Debug|Any CPU
		{A8DA805A-ABBE-4E06-93F7-181DD78F6654}.Release|Any CPU.ActiveCfg = Release|Any CPU
		{A8DA805A-ABBE-4E06-93F7-181DD78F6654}.Release|Any CPU.Build.0 = Release|Any CPU
		{173A3AEA-4DFB-4CE8-8FE3-CF80E3745511}.Debug|Any CPU.ActiveCfg = Debug|Any CPU
		{173A3AEA-4DFB-4CE8-8FE3-CF80E3745511}.Debug|Any CPU.Build.0 = Debug|Any CPU
		{173A3AEA-4DFB-4CE8-8FE3-CF80E3745511}.Release|Any CPU.ActiveCfg = Release|Any CPU
		{173A3AEA-4DFB-4CE8-8FE3-CF80E3745511}.Release|Any CPU.Build.0 = Release|Any CPU
		{E2A92B79-6398-4AD9-A655-DE48B96F86CD}.Debug|Any CPU.ActiveCfg = Debug|Any CPU
		{E2A92B79-6398-4AD9-A655-DE48B96F86CD}.Debug|Any CPU.Build.0 = Debug|Any CPU
		{E2A92B79-6398-4AD9-A655-DE48B96F86CD}.Release|Any CPU.ActiveCfg = Release|Any CPU
		{E2A92B79-6398-4AD9-A655-DE48B96F86CD}.Release|Any CPU.Build.0 = Release|Any CPU
		{4D18571C-8B42-4EAD-860B-03239E2F8414}.Debug|Any CPU.ActiveCfg = Debug|Any CPU
		{4D18571C-8B42-4EAD-860B-03239E2F8414}.Debug|Any CPU.Build.0 = Debug|Any CPU
		{4D18571C-8B42-4EAD-860B-03239E2F8414}.Release|Any CPU.ActiveCfg = Release|Any CPU
		{4D18571C-8B42-4EAD-860B-03239E2F8414}.Release|Any CPU.Build.0 = Release|Any CPU
	EndGlobalSection
	GlobalSection(SolutionProperties) = preSolution
		HideSolutionNode = FALSE
	EndGlobalSection
	GlobalSection(NestedProjects) = preSolution
		{55EAE0DE-8959-40F1-B5D8-F98819413066} = {B3F1571B-7952-4768-BF0F-6BE779BF0490}
		{AB4853A2-0DA3-4BDE-9FC5-273EC299487C} = {B3F1571B-7952-4768-BF0F-6BE779BF0490}
		{9D05BBEB-B368-48D0-8575-41E22B02EF08} = {B3F1571B-7952-4768-BF0F-6BE779BF0490}
		{82A3477C-72AC-454C-8683-47B83DD9238C} = {B3F1571B-7952-4768-BF0F-6BE779BF0490}
		{34B17394-D6CA-474D-A1D2-72B6CAF52225} = {B3F1571B-7952-4768-BF0F-6BE779BF0490}
		{BC8DFA40-E953-4674-9AAF-59C695FB6F5B} = {B3F1571B-7952-4768-BF0F-6BE779BF0490}
		{F854658E-3979-4B2B-AF38-16A4D25D001A} = {B3F1571B-7952-4768-BF0F-6BE779BF0490}
		{700DD382-255E-4919-A21C-EE8E8F1D4BD3} = {B3F1571B-7952-4768-BF0F-6BE779BF0490}
		{A8DA805A-ABBE-4E06-93F7-181DD78F6654} = {B3F1571B-7952-4768-BF0F-6BE779BF0490}
		{173A3AEA-4DFB-4CE8-8FE3-CF80E3745511} = {B3F1571B-7952-4768-BF0F-6BE779BF0490}
		{E2A92B79-6398-4AD9-A655-DE48B96F86CD} = {B3F1571B-7952-4768-BF0F-6BE779BF0490}
		{4D18571C-8B42-4EAD-860B-03239E2F8414} = {B3F1571B-7952-4768-BF0F-6BE779BF0490}
	EndGlobalSection
	GlobalSection(ExtensibilityGlobals) = postSolution
		SolutionGuid = {306BC64B-B739-441E-9FB4-94FC4846064E}
	EndGlobalSection
EndGlobal
