
Microsoft Visual Studio Solution File, Format Version 12.00
# Visual Studio Version 16
VisualStudioVersion = 16.0.30611.23
MinimumVisualStudioVersion = 10.0.40219.1
Project("{9A19103F-16F7-4668-BE54-9A1E7A4F7556}") = "Skyrmium.Infrastructure.Contracts", "Skyrmium.Infrastructure.Contracts\Skyrmium.Infrastructure.Contracts.csproj", "{A8BA2827-984C-4AB7-BAA1-4DF545C70F0E}"
EndProject
Project("{9A19103F-16F7-4668-BE54-9A1E7A4F7556}") = "Skyrmium.Dal.Contracts", "Skyrmium.Dal.Contracts\Skyrmium.Dal.Contracts.csproj", "{61CF0C12-72D0-42E8-89D0-91F284C93B11}"
EndProject
Project("{9A19103F-16F7-4668-BE54-9A1E7A4F7556}") = "Skyrmium.Domain.Contracts", "Skyrmium.Domain.Contracts\Skyrmium.Domain.Contracts.csproj", "{FBB6C5E6-7575-4272-A3C4-6693B7965458}"
EndProject
Project("{9A19103F-16F7-4668-BE54-9A1E7A4F7556}") = "Skyrmium.Domain.Implementations", "Skyrmium.Domain.Implementations\Skyrmium.Domain.Implementations.csproj", "{82806398-A695-49AE-AB89-AF276444CA29}"
EndProject
Project("{9A19103F-16F7-4668-BE54-9A1E7A4F7556}") = "Skyrmium.Dal.Implementations", "Skyrmium.Dal.Implementations\Skyrmium.Dal.Implementations.csproj", "{C7894747-96CF-4133-A9EB-42EAAE3B25FF}"
EndProject
Project("{9A19103F-16F7-4668-BE54-9A1E7A4F7556}") = "Skyrmium.Domain.Services.Contracts", "Skyrmium.Domain.Services.Contracts\Skyrmium.Domain.Services.Contracts.csproj", "{FCAEB8DA-53AA-4122-8F5F-AE28A264C637}"
EndProject
Project("{9A19103F-16F7-4668-BE54-9A1E7A4F7556}") = "Skyrmium.Domain.Services.Implementations", "Skyrmium.Domain.Services.Implementations\Skyrmium.Domain.Services.Implementations.csproj", "{8F813101-D43A-44FE-9CA8-450E88B10F06}"
EndProject
Project("{9A19103F-16F7-4668-BE54-9A1E7A4F7556}") = "Skyrmium.Api.Contracts", "Skyrmium.Api.Contracts\Skyrmium.Api.Contracts.csproj", "{D296F0A3-7784-4CE8-8384-00DA037EDC0B}"
EndProject
Project("{9A19103F-16F7-4668-BE54-9A1E7A4F7556}") = "Skyrmium.Api.Implementations", "Skyrmium.Api.Implementations\Skyrmium.Api.Implementations.csproj", "{8F1F8C94-65EC-4C4D-9422-6BA54ADC64B6}"
EndProject
Project("{9A19103F-16F7-4668-BE54-9A1E7A4F7556}") = "Skyrmium.Ioc", "Skyrmium.Ioc\Skyrmium.Ioc.csproj", "{23E33A3D-52DC-4DDF-9172-DFD4720094E2}"
EndProject
Project("{FAE04EC0-301F-11D3-BF4B-00C04F79EFBC}") = "Skyrmium.Localization.Contracts", "Skyrmium.Localization.Contracts\Skyrmium.Localization.Contracts.csproj", "{5665D6FC-F0A1-4BC7-AECB-DDF091B7CF89}"
EndProject
Project("{FAE04EC0-301F-11D3-BF4B-00C04F79EFBC}") = "Skyrmium.Localization.Abstractions", "Skyrmium.Localization.Abstractions\Skyrmium.Localization.Abstractions.csproj", "{665A4EFB-0EF1-414A-AAFD-38E253AFA2F6}"
EndProject
Global
	GlobalSection(SolutionConfigurationPlatforms) = preSolution
		Debug|Any CPU = Debug|Any CPU
		Release|Any CPU = Release|Any CPU
	EndGlobalSection
	GlobalSection(ProjectConfigurationPlatforms) = postSolution
		{A8BA2827-984C-4AB7-BAA1-4DF545C70F0E}.Debug|Any CPU.ActiveCfg = Debug|Any CPU
		{A8BA2827-984C-4AB7-BAA1-4DF545C70F0E}.Debug|Any CPU.Build.0 = Debug|Any CPU
		{A8BA2827-984C-4AB7-BAA1-4DF545C70F0E}.Release|Any CPU.ActiveCfg = Release|Any CPU
		{A8BA2827-984C-4AB7-BAA1-4DF545C70F0E}.Release|Any CPU.Build.0 = Release|Any CPU
		{61CF0C12-72D0-42E8-89D0-91F284C93B11}.Debug|Any CPU.ActiveCfg = Debug|Any CPU
		{61CF0C12-72D0-42E8-89D0-91F284C93B11}.Debug|Any CPU.Build.0 = Debug|Any CPU
		{61CF0C12-72D0-42E8-89D0-91F284C93B11}.Release|Any CPU.ActiveCfg = Release|Any CPU
		{61CF0C12-72D0-42E8-89D0-91F284C93B11}.Release|Any CPU.Build.0 = Release|Any CPU
		{FBB6C5E6-7575-4272-A3C4-6693B7965458}.Debug|Any CPU.ActiveCfg = Debug|Any CPU
		{FBB6C5E6-7575-4272-A3C4-6693B7965458}.Debug|Any CPU.Build.0 = Debug|Any CPU
		{FBB6C5E6-7575-4272-A3C4-6693B7965458}.Release|Any CPU.ActiveCfg = Release|Any CPU
		{FBB6C5E6-7575-4272-A3C4-6693B7965458}.Release|Any CPU.Build.0 = Release|Any CPU
		{82806398-A695-49AE-AB89-AF276444CA29}.Debug|Any CPU.ActiveCfg = Debug|Any CPU
		{82806398-A695-49AE-AB89-AF276444CA29}.Debug|Any CPU.Build.0 = Debug|Any CPU
		{82806398-A695-49AE-AB89-AF276444CA29}.Release|Any CPU.ActiveCfg = Release|Any CPU
		{82806398-A695-49AE-AB89-AF276444CA29}.Release|Any CPU.Build.0 = Release|Any CPU
		{C7894747-96CF-4133-A9EB-42EAAE3B25FF}.Debug|Any CPU.ActiveCfg = Debug|Any CPU
		{C7894747-96CF-4133-A9EB-42EAAE3B25FF}.Debug|Any CPU.Build.0 = Debug|Any CPU
		{C7894747-96CF-4133-A9EB-42EAAE3B25FF}.Release|Any CPU.ActiveCfg = Release|Any CPU
		{C7894747-96CF-4133-A9EB-42EAAE3B25FF}.Release|Any CPU.Build.0 = Release|Any CPU
		{FCAEB8DA-53AA-4122-8F5F-AE28A264C637}.Debug|Any CPU.ActiveCfg = Debug|Any CPU
		{FCAEB8DA-53AA-4122-8F5F-AE28A264C637}.Debug|Any CPU.Build.0 = Debug|Any CPU
		{FCAEB8DA-53AA-4122-8F5F-AE28A264C637}.Release|Any CPU.ActiveCfg = Release|Any CPU
		{FCAEB8DA-53AA-4122-8F5F-AE28A264C637}.Release|Any CPU.Build.0 = Release|Any CPU
		{8F813101-D43A-44FE-9CA8-450E88B10F06}.Debug|Any CPU.ActiveCfg = Debug|Any CPU
		{8F813101-D43A-44FE-9CA8-450E88B10F06}.Debug|Any CPU.Build.0 = Debug|Any CPU
		{8F813101-D43A-44FE-9CA8-450E88B10F06}.Release|Any CPU.ActiveCfg = Release|Any CPU
		{8F813101-D43A-44FE-9CA8-450E88B10F06}.Release|Any CPU.Build.0 = Release|Any CPU
		{D296F0A3-7784-4CE8-8384-00DA037EDC0B}.Debug|Any CPU.ActiveCfg = Debug|Any CPU
		{D296F0A3-7784-4CE8-8384-00DA037EDC0B}.Debug|Any CPU.Build.0 = Debug|Any CPU
		{D296F0A3-7784-4CE8-8384-00DA037EDC0B}.Release|Any CPU.ActiveCfg = Release|Any CPU
		{D296F0A3-7784-4CE8-8384-00DA037EDC0B}.Release|Any CPU.Build.0 = Release|Any CPU
		{8F1F8C94-65EC-4C4D-9422-6BA54ADC64B6}.Debug|Any CPU.ActiveCfg = Debug|Any CPU
		{8F1F8C94-65EC-4C4D-9422-6BA54ADC64B6}.Debug|Any CPU.Build.0 = Debug|Any CPU
		{8F1F8C94-65EC-4C4D-9422-6BA54ADC64B6}.Release|Any CPU.ActiveCfg = Release|Any CPU
		{8F1F8C94-65EC-4C4D-9422-6BA54ADC64B6}.Release|Any CPU.Build.0 = Release|Any CPU
		{23E33A3D-52DC-4DDF-9172-DFD4720094E2}.Debug|Any CPU.ActiveCfg = Debug|Any CPU
		{23E33A3D-52DC-4DDF-9172-DFD4720094E2}.Debug|Any CPU.Build.0 = Debug|Any CPU
		{23E33A3D-52DC-4DDF-9172-DFD4720094E2}.Release|Any CPU.ActiveCfg = Release|Any CPU
		{23E33A3D-52DC-4DDF-9172-DFD4720094E2}.Release|Any CPU.Build.0 = Release|Any CPU
		{5665D6FC-F0A1-4BC7-AECB-DDF091B7CF89}.Debug|Any CPU.ActiveCfg = Debug|Any CPU
		{5665D6FC-F0A1-4BC7-AECB-DDF091B7CF89}.Debug|Any CPU.Build.0 = Debug|Any CPU
		{5665D6FC-F0A1-4BC7-AECB-DDF091B7CF89}.Release|Any CPU.ActiveCfg = Release|Any CPU
		{5665D6FC-F0A1-4BC7-AECB-DDF091B7CF89}.Release|Any CPU.Build.0 = Release|Any CPU
		{665A4EFB-0EF1-414A-AAFD-38E253AFA2F6}.Debug|Any CPU.ActiveCfg = Debug|Any CPU
		{665A4EFB-0EF1-414A-AAFD-38E253AFA2F6}.Debug|Any CPU.Build.0 = Debug|Any CPU
		{665A4EFB-0EF1-414A-AAFD-38E253AFA2F6}.Release|Any CPU.ActiveCfg = Release|Any CPU
		{665A4EFB-0EF1-414A-AAFD-38E253AFA2F6}.Release|Any CPU.Build.0 = Release|Any CPU
	EndGlobalSection
	GlobalSection(SolutionProperties) = preSolution
		HideSolutionNode = FALSE
	EndGlobalSection
	GlobalSection(ExtensibilityGlobals) = postSolution
		SolutionGuid = {C8A46A66-2B72-4734-94EA-CA0B09A723A3}
	EndGlobalSection
EndGlobal
